// !$*UTF8*$!
{
	archiveVersion = 1;
	classes = {
	};
	objectVersion = 46;
	objects = {

/* Begin PBXBuildFile section */
		9434785D1B002C370022090C /* AppDelegate.swift in Sources */ = {isa = PBXBuildFile; fileRef = 9434785C1B002C370022090C /* AppDelegate.swift */; };
		9434785F1B002C370022090C /* ViewController.swift in Sources */ = {isa = PBXBuildFile; fileRef = 9434785E1B002C370022090C /* ViewController.swift */; };
		943478621B002C370022090C /* Main.storyboard in Resources */ = {isa = PBXBuildFile; fileRef = 943478601B002C370022090C /* Main.storyboard */; };
		943478641B002C370022090C /* Images.xcassets in Resources */ = {isa = PBXBuildFile; fileRef = 943478631B002C370022090C /* Images.xcassets */; };
		943478671B002C370022090C /* LaunchScreen.xib in Resources */ = {isa = PBXBuildFile; fileRef = 943478651B002C370022090C /* LaunchScreen.xib */; };
		943478731B002C380022090C /* QuizAppTests.swift in Sources */ = {isa = PBXBuildFile; fileRef = 943478721B002C380022090C /* QuizAppTests.swift */; };
		9434787D1B002E910022090C /* QuizModel.swift in Sources */ = {isa = PBXBuildFile; fileRef = 9434787C1B002E910022090C /* QuizModel.swift */; };
		9434787F1B002EB80022090C /* Question.swift in Sources */ = {isa = PBXBuildFile; fileRef = 9434787E1B002EB80022090C /* Question.swift */; };
		94DBCDCC1B01BE3400C3CA5F /* questions.json in Resources */ = {isa = PBXBuildFile; fileRef = 94DBCDCB1B01BE3400C3CA5F /* questions.json */; };
/* End PBXBuildFile section */

/* Begin PBXContainerItemProxy section */
		9434786D1B002C380022090C /* PBXContainerItemProxy */ = {
			isa = PBXContainerItemProxy;
			containerPortal = 9434784F1B002C370022090C /* Project object */;
			proxyType = 1;
			remoteGlobalIDString = 943478561B002C370022090C;
			remoteInfo = QuizApp;
		};
/* End PBXContainerItemProxy section */

/* Begin PBXFileReference section */
		943478571B002C370022090C /* QuizApp.app */ = {isa = PBXFileReference; explicitFileType = wrapper.application; includeInIndex = 0; path = QuizApp.app; sourceTree = BUILT_PRODUCTS_DIR; };
		9434785B1B002C370022090C /* Info.plist */ = {isa = PBXFileReference; lastKnownFileType = text.plist.xml; path = Info.plist; sourceTree = "<group>"; };
		9434785C1B002C370022090C /* AppDelegate.swift */ = {isa = PBXFileReference; lastKnownFileType = sourcecode.swift; path = AppDelegate.swift; sourceTree = "<group>"; };
		9434785E1B002C370022090C /* ViewController.swift */ = {isa = PBXFileReference; lastKnownFileType = sourcecode.swift; path = ViewController.swift; sourceTree = "<group>"; };
		943478611B002C370022090C /* Base */ = {isa = PBXFileReference; lastKnownFileType = file.storyboard; name = Base; path = Base.lproj/Main.storyboard; sourceTree = "<group>"; };
		943478631B002C370022090C /* Images.xcassets */ = {isa = PBXFileReference; lastKnownFileType = folder.assetcatalog; path = Images.xcassets; sourceTree = "<group>"; };
		943478661B002C370022090C /* Base */ = {isa = PBXFileReference; lastKnownFileType = file.xib; name = Base; path = Base.lproj/LaunchScreen.xib; sourceTree = "<group>"; };
		9434786C1B002C380022090C /* QuizAppTests.xctest */ = {isa = PBXFileReference; explicitFileType = wrapper.cfbundle; includeInIndex = 0; path = QuizAppTests.xctest; sourceTree = BUILT_PRODUCTS_DIR; };
		943478711B002C380022090C /* Info.plist */ = {isa = PBXFileReference; lastKnownFileType = text.plist.xml; path = Info.plist; sourceTree = "<group>"; };
		943478721B002C380022090C /* QuizAppTests.swift */ = {isa = PBXFileReference; lastKnownFileType = sourcecode.swift; path = QuizAppTests.swift; sourceTree = "<group>"; };
		9434787C1B002E910022090C /* QuizModel.swift */ = {isa = PBXFileReference; fileEncoding = 4; lastKnownFileType = sourcecode.swift; name = QuizModel.swift; path = ../QuizModel.swift; sourceTree = "<group>"; };
		9434787E1B002EB80022090C /* Question.swift */ = {isa = PBXFileReference; fileEncoding = 4; lastKnownFileType = sourcecode.swift; name = Question.swift; path = ../Question.swift; sourceTree = "<group>"; };
		94DBCDCB1B01BE3400C3CA5F /* questions.json */ = {isa = PBXFileReference; fileEncoding = 4; lastKnownFileType = text.json; path = questions.json; sourceTree = "<group>"; };
/* End PBXFileReference section */

/* Begin PBXFrameworksBuildPhase section */
		943478541B002C370022090C /* Frameworks */ = {
			isa = PBXFrameworksBuildPhase;
			buildActionMask = 2147483647;
			files = (
			);
			runOnlyForDeploymentPostprocessing = 0;
		};
		943478691B002C380022090C /* Frameworks */ = {
			isa = PBXFrameworksBuildPhase;
			buildActionMask = 2147483647;
			files = (
			);
			runOnlyForDeploymentPostprocessing = 0;
		};
/* End PBXFrameworksBuildPhase section */

/* Begin PBXGroup section */
		9434784E1B002C370022090C = {
			isa = PBXGroup;
			children = (
				943478591B002C370022090C /* QuizApp */,
				9434786F1B002C380022090C /* QuizAppTests */,
				943478581B002C370022090C /* Products */,
			);
			sourceTree = "<group>";
		};
		943478581B002C370022090C /* Products */ = {
			isa = PBXGroup;
			children = (
				943478571B002C370022090C /* QuizApp.app */,
				9434786C1B002C380022090C /* QuizAppTests.xctest */,
			);
			name = Products;
			sourceTree = "<group>";
		};
		943478591B002C370022090C /* QuizApp */ = {
			isa = PBXGroup;
			children = (
				9434787E1B002EB80022090C /* Question.swift */,
				9434787C1B002E910022090C /* QuizModel.swift */,
				9434785C1B002C370022090C /* AppDelegate.swift */,
				9434785E1B002C370022090C /* ViewController.swift */,
				943478601B002C370022090C /* Main.storyboard */,
				943478631B002C370022090C /* Images.xcassets */,
				943478651B002C370022090C /* LaunchScreen.xib */,
				9434785A1B002C370022090C /* Supporting Files */,
			);
			path = QuizApp;
			sourceTree = "<group>";
		};
		9434785A1B002C370022090C /* Supporting Files */ = {
			isa = PBXGroup;
			children = (
				94DBCDCB1B01BE3400C3CA5F /* questions.json */,
				9434785B1B002C370022090C /* Info.plist */,
			);
			name = "Supporting Files";
			sourceTree = "<group>";
		};
		9434786F1B002C380022090C /* QuizAppTests */ = {
			isa = PBXGroup;
			children = (
				943478721B002C380022090C /* QuizAppTests.swift */,
				943478701B002C380022090C /* Supporting Files */,
			);
			path = QuizAppTests;
			sourceTree = "<group>";
		};
		943478701B002C380022090C /* Supporting Files */ = {
			isa = PBXGroup;
			children = (
				943478711B002C380022090C /* Info.plist */,
			);
			name = "Supporting Files";
			sourceTree = "<group>";
		};
/* End PBXGroup section */

/* Begin PBXNativeTarget section */
		943478561B002C370022090C /* QuizApp */ = {
			isa = PBXNativeTarget;
			buildConfigurationList = 943478761B002C380022090C /* Build configuration list for PBXNativeTarget "QuizApp" */;
			buildPhases = (
				943478531B002C370022090C /* Sources */,
				943478541B002C370022090C /* Frameworks */,
				943478551B002C370022090C /* Resources */,
			);
			buildRules = (
			);
			dependencies = (
			);
			name = QuizApp;
			productName = QuizApp;
			productReference = 943478571B002C370022090C /* QuizApp.app */;
			productType = "com.apple.product-type.application";
		};
		9434786B1B002C380022090C /* QuizAppTests */ = {
			isa = PBXNativeTarget;
			buildConfigurationList = 943478791B002C380022090C /* Build configuration list for PBXNativeTarget "QuizAppTests" */;
			buildPhases = (
				943478681B002C380022090C /* Sources */,
				943478691B002C380022090C /* Frameworks */,
				9434786A1B002C380022090C /* Resources */,
			);
			buildRules = (
			);
			dependencies = (
				9434786E1B002C380022090C /* PBXTargetDependency */,
			);
			name = QuizAppTests;
			productName = QuizAppTests;
			productReference = 9434786C1B002C380022090C /* QuizAppTests.xctest */;
			productType = "com.apple.product-type.bundle.unit-test";
		};
/* End PBXNativeTarget section */

/* Begin PBXProject section */
		9434784F1B002C370022090C /* Project object */ = {
			isa = PBXProject;
			attributes = {
				LastUpgradeCheck = 0630;
				ORGANIZATIONNAME = "Eric Alvarado";
				TargetAttributes = {
					943478561B002C370022090C = {
						CreatedOnToolsVersion = 6.3.1;
					};
					9434786B1B002C380022090C = {
						CreatedOnToolsVersion = 6.3.1;
						TestTargetID = 943478561B002C370022090C;
					};
				};
			};
			buildConfigurationList = 943478521B002C370022090C /* Build configuration list for PBXProject "QuizApp" */;
			compatibilityVersion = "Xcode 3.2";
			developmentRegion = English;
			hasScannedForEncodings = 0;
			knownRegions = (
				en,
				Base,
			);
			mainGroup = 9434784E1B002C370022090C;
			productRefGroup = 943478581B002C370022090C /* Products */;
			projectDirPath = "";
			projectRoot = "";
			targets = (
				943478561B002C370022090C /* QuizApp */,
				9434786B1B002C380022090C /* QuizAppTests */,
			);
		};
/* End PBXProject section */

/* Begin PBXResourcesBuildPhase section */
		943478551B002C370022090C /* Resources */ = {
			isa = PBXResourcesBuildPhase;
			buildActionMask = 2147483647;
			files = (
				943478621B002C370022090C /* Main.storyboard in Resources */,
				94DBCDCC1B01BE3400C3CA5F /* questions.json in Resources */,
				943478671B002C370022090C /* LaunchScreen.xib in Resources */,
				943478641B002C370022090C /* Images.xcassets in Resources */,
			);
			runOnlyForDeploymentPostprocessing = 0;
		};
		9434786A1B002C380022090C /* Resources */ = {
			isa = PBXResourcesBuildPhase;
			buildActionMask = 2147483647;
			files = (
			);
			runOnlyForDeploymentPostprocessing = 0;
		};
/* End PBXResourcesBuildPhase section */

/* Begin PBXSourcesBuildPhase section */
		943478531B002C370022090C /* Sources */ = {
			isa = PBXSourcesBuildPhase;
			buildActionMask = 2147483647;
			files = (
				9434785F1B002C370022090C /* ViewController.swift in Sources */,
				9434787F1B002EB80022090C /* Question.swift in Sources */,
				9434787D1B002E910022090C /* QuizModel.swift in Sources */,
				9434785D1B002C370022090C /* AppDelegate.swift in Sources */,
			);
			runOnlyForDeploymentPostprocessing = 0;
		};
		943478681B002C380022090C /* Sources */ = {
			isa = PBXSourcesBuildPhase;
			buildActionMask = 2147483647;
			files = (
				943478731B002C380022090C /* QuizAppTests.swift in Sources */,
			);
			runOnlyForDeploymentPostprocessing = 0;
		};
/* End PBXSourcesBuildPhase section */

/* Begin PBXTargetDependency section */
		9434786E1B002C380022090C /* PBXTargetDependency */ = {
			isa = PBXTargetDependency;
			target = 943478561B002C370022090C /* QuizApp */;
			targetProxy = 9434786D1B002C380022090C /* PBXContainerItemProxy */;
		};
/* End PBXTargetDependency section */

/* Begin PBXVariantGroup section */
		943478601B002C370022090C /* Main.storyboard */ = {
			isa = PBXVariantGroup;
			children = (
				943478611B002C370022090C /* Base */,
			);
			name = Main.storyboard;
			sourceTree = "<group>";
		};
		943478651B002C370022090C /* LaunchScreen.xib */ = {
			isa = PBXVariantGroup;
			children = (
				943478661B002C370022090C /* Base */,
			);
			name = LaunchScreen.xib;
			sourceTree = "<group>";
		};
/* End PBXVariantGroup section */

/* Begin XCBuildConfiguration section */
		943478741B002C380022090C /* Debug */ = {
			isa = XCBuildConfiguration;
			buildSettings = {
				ALWAYS_SEARCH_USER_PATHS = NO;
				CLANG_CXX_LANGUAGE_STANDARD = "gnu++0x";
				CLANG_CXX_LIBRARY = "libc++";
				CLANG_ENABLE_MODULES = YES;
				CLANG_ENABLE_OBJC_ARC = YES;
				CLANG_WARN_BOOL_CONVERSION = YES;
				CLANG_WARN_CONSTANT_CONVERSION = YES;
				CLANG_WARN_DIRECT_OBJC_ISA_USAGE = YES_ERROR;
				CLANG_WARN_EMPTY_BODY = YES;
				CLANG_WARN_ENUM_CONVERSION = YES;
				CLANG_WARN_INT_CONVERSION = YES;
				CLANG_WARN_OBJC_ROOT_CLASS = YES_ERROR;
				CLANG_WARN_UNREACHABLE_CODE = YES;
				CLANG_WARN__DUPLICATE_METHOD_MATCH = YES;
				"CODE_SIGN_IDENTITY[sdk=iphoneos*]" = "iPhone Developer";
				COPY_PHASE_STRIP = NO;
				DEBUG_INFORMATION_FORMAT = "dwarf-with-dsym";
				ENABLE_STRICT_OBJC_MSGSEND = YES;
				GCC_C_LANGUAGE_STANDARD = gnu99;
				GCC_DYNAMIC_NO_PIC = NO;
				GCC_NO_COMMON_BLOCKS = YES;
				GCC_OPTIMIZATION_LEVEL = 0;
				GCC_PREPROCESSOR_DEFINITIONS = (
					"DEBUG=1",
					"$(inherited)",
				);
				GCC_SYMBOLS_PRIVATE_EXTERN = NO;
				GCC_WARN_64_TO_32_BIT_CONVERSION = YES;
				GCC_WARN_ABOUT_RETURN_TYPE = YES_ERROR;
				GCC_WARN_UNDECLARED_SELECTOR = YES;
				GCC_WARN_UNINITIALIZED_AUTOS = YES_AGGRESSIVE;
				GCC_WARN_UNUSED_FUNCTION = YES;
				GCC_WARN_UNUSED_VARIABLE = YES;
				IPHONEOS_DEPLOYMENT_TARGET = 8.3;
				MTL_ENABLE_DEBUG_INFO = YES;
				ONLY_ACTIVE_ARCH = YES;
				SDKROOT = iphoneos;
				SWIFT_OPTIMIZATION_LEVEL = "-Onone";
			};
			name = Debug;
		};
		943478751B002C380022090C /* Release */ = {
			isa = XCBuildConfiguration;
			buildSettings = {
				ALWAYS_SEARCH_USER_PATHS = NO;
				CLANG_CXX_LANGUAGE_STANDARD = "gnu++0x";
				CLANG_CXX_LIBRARY = "libc++";
				CLANG_ENABLE_MODULES = YES;
				CLANG_ENABLE_OBJC_ARC = YES;
				CLANG_WARN_BOOL_CONVERSION = YES;
				CLANG_WARN_CONSTANT_CONVERSION = YES;
				CLANG_WARN_DIRECT_OBJC_ISA_USAGE = YES_ERROR;
				CLANG_WARN_EMPTY_BODY = YES;
				CLANG_WARN_ENUM_CONVERSION = YES;
				CLANG_WARN_INT_CONVERSION = YES;
				CLANG_WARN_OBJC_ROOT_CLASS = YES_ERROR;
				CLANG_WARN_UNREACHABLE_CODE = YES;
				CLANG_WARN__DUPLICATE_METHOD_MATCH = YES;
				"CODE_SIGN_IDENTITY[sdk=iphoneos*]" = "iPhone Developer";
				COPY_PHASE_STRIP = NO;
				DEBUG_INFORMATION_FORMAT = "dwarf-with-dsym";
				ENABLE_NS_ASSERTIONS = NO;
				ENABLE_STRICT_OBJC_MSGSEND = YES;
				GCC_C_LANGUAGE_STANDARD = gnu99;
				GCC_NO_COMMON_BLOCKS = YES;
				GCC_WARN_64_TO_32_BIT_CONVERSION = YES;
				GCC_WARN_ABOUT_RETURN_TYPE = YES_ERROR;
				GCC_WARN_UNDECLARED_SELECTOR = YES;
				GCC_WARN_UNINITIALIZED_AUTOS = YES_AGGRESSIVE;
				GCC_WARN_UNUSED_FUNCTION = YES;
				GCC_WARN_UNUSED_VARIABLE = YES;
				IPHONEOS_DEPLOYMENT_TARGET = 8.3;
				MTL_ENABLE_DEBUG_INFO = NO;
				SDKROOT = iphoneos;
				VALIDATE_PRODUCT = YES;
			};
			name = Release;
		};
		943478771B002C380022090C /* Debug */ = {
			isa = XCBuildConfiguration;
			buildSettings = {
				ASSETCATALOG_COMPILER_APPICON_NAME = AppIcon;
				INFOPLIST_FILE = QuizApp/Info.plist;
				LD_RUNPATH_SEARCH_PATHS = "$(inherited) @executable_path/Frameworks";
				PRODUCT_NAME = "$(TARGET_NAME)";
			};
			name = Debug;
		};
		943478781B002C380022090C /* Release */ = {
			isa = XCBuildConfiguration;
			buildSettings = {
				ASSETCATALOG_COMPILER_APPICON_NAME = AppIcon;
				INFOPLIST_FILE = QuizApp/Info.plist;
				LD_RUNPATH_SEARCH_PATHS = "$(inherited) @executable_path/Frameworks";
				PRODUCT_NAME = "$(TARGET_NAME)";
			};
			name = Release;
		};
		9434787A1B002C380022090C /* Debug */ = {
			isa = XCBuildConfiguration;
			buildSettings = {
				BUNDLE_LOADER = "$(TEST_HOST)";
				FRAMEWORK_SEARCH_PATHS = (
					"$(SDKROOT)/Developer/Library/Frameworks",
					"$(inherited)",
				);
				GCC_PREPROCESSOR_DEFINITIONS = (
					"DEBUG=1",
					"$(inherited)",
				);
				INFOPLIST_FILE = QuizAppTests/Info.plist;
				LD_RUNPATH_SEARCH_PATHS = "$(inherited) @executable_path/Frameworks @loader_path/Frameworks";
				PRODUCT_NAME = "$(TARGET_NAME)";
				TEST_HOST = "$(BUILT_PRODUCTS_DIR)/QuizApp.app/QuizApp";
			};
			name = Debug;
		};
		9434787B1B002C380022090C /* Release */ = {
			isa = XCBuildConfiguration;
			buildSettings = {
				BUNDLE_LOADER = "$(TEST_HOST)";
				FRAMEWORK_SEARCH_PATHS = (
					"$(SDKROOT)/Developer/Library/Frameworks",
					"$(inherited)",
				);
				INFOPLIST_FILE = QuizAppTests/Info.plist;
				LD_RUNPATH_SEARCH_PATHS = "$(inherited) @executable_path/Frameworks @loader_path/Frameworks";
				PRODUCT_NAME = "$(TARGET_NAME)";
				TEST_HOST = "$(BUILT_PRODUCTS_DIR)/QuizApp.app/QuizApp";
			};
			name = Release;
		};
/* End XCBuildConfiguration section */

/* Begin XCConfigurationList section */
		943478521B002C370022090C /* Build configuration list for PBXProject "QuizApp" */ = {
			isa = XCConfigurationList;
			buildConfigurations = (
				943478741B002C380022090C /* Debug */,
				943478751B002C380022090C /* Release */,
			);
			defaultConfigurationIsVisible = 0;
			defaultConfigurationName = Release;
		};
		943478761B002C380022090C /* Build configuration list for PBXNativeTarget "QuizApp" */ = {
			isa = XCConfigurationList;
			buildConfigurations = (
				943478771B002C380022090C /* Debug */,
				943478781B002C380022090C /* Release */,
			);
			defaultConfigurationIsVisible = 0;
			defaultConfigurationName = Release;
		};
		943478791B002C380022090C /* Build configuration list for PBXNativeTarget "QuizAppTests" */ = {
			isa = XCConfigurationList;
			buildConfigurations = (
				9434787A1B002C380022090C /* Debug */,
				9434787B1B002C380022090C /* Release */,
			);
			defaultConfigurationIsVisible = 0;
			defaultConfigurationName = Release;
		};
/* End XCConfigurationList section */
	};
	rootObject = 9434784F1B002C370022090C /* Project object */;
}
